
Microsoft Visual Studio Solution File, Format Version 12.00
# Visual Studio Version 17
VisualStudioVersion = 17.0.31912.275
MinimumVisualStudioVersion = 10.0.40219.1
Project("{9A19103F-16F7-4668-BE54-9A1E7A4F7556}") = "JSONSerializer", "JSONSerializer\JSONSerializer.csproj", "{9A142200-B048-473E-9B22-A22E0A56BC91}"
EndProject
Project("{9A19103F-16F7-4668-BE54-9A1E7A4F7556}") = "BinarySerializer", "BinarySerializer\BinarySerializer.csproj", "{BD2AC153-680C-4D1B-85DB-AAD22CD33575}"
EndProject
Project("{9A19103F-16F7-4668-BE54-9A1E7A4F7556}") = "PolymorphieInterfaces", "PolymorphieInterfaces\PolymorphieInterfaces.csproj", "{5564469D-841A-463E-A83E-B26DDC8E07AA}"
EndProject
Project("{9A19103F-16F7-4668-BE54-9A1E7A4F7556}") = "SerializerJson", "SerializerJson\SerializerJson.csproj", "{94498409-5880-4480-9681-6B8198A50E9E}"
EndProject
Project("{9A19103F-16F7-4668-BE54-9A1E7A4F7556}") = "Events", "..\..\..\..\Downloads\01-M226B-master\01-M226B-master\M226B\Events\Events.csproj", "{2141EECD-5368-47DB-AB0A-C3667AB95320}"
EndProject
Project("{9A19103F-16F7-4668-BE54-9A1E7A4F7556}") = "Modelsmanagement", "Modelsmanagement\Modelsmanagement.csproj", "{F29EB6CB-8839-44C2-9E5C-3A0143FA6E1C}"
EndProject
Project("{FAE04EC0-301F-11D3-BF4B-00C04F79EFBC}") = "Test", "Test\Test.csproj", "{22286EC8-1E5E-4B71-BA3D-93F2B7513E9A}"
EndProject
Global
	GlobalSection(SolutionConfigurationPlatforms) = preSolution
		Debug|Any CPU = Debug|Any CPU
		Release|Any CPU = Release|Any CPU
	EndGlobalSection
	GlobalSection(ProjectConfigurationPlatforms) = postSolution
		{9A142200-B048-473E-9B22-A22E0A56BC91}.Debug|Any CPU.ActiveCfg = Debug|Any CPU
		{9A142200-B048-473E-9B22-A22E0A56BC91}.Debug|Any CPU.Build.0 = Debug|Any CPU
		{9A142200-B048-473E-9B22-A22E0A56BC91}.Release|Any CPU.ActiveCfg = Release|Any CPU
		{9A142200-B048-473E-9B22-A22E0A56BC91}.Release|Any CPU.Build.0 = Release|Any CPU
		{BD2AC153-680C-4D1B-85DB-AAD22CD33575}.Debug|Any CPU.ActiveCfg = Debug|Any CPU
		{BD2AC153-680C-4D1B-85DB-AAD22CD33575}.Debug|Any CPU.Build.0 = Debug|Any CPU
		{BD2AC153-680C-4D1B-85DB-AAD22CD33575}.Release|Any CPU.ActiveCfg = Release|Any CPU
		{BD2AC153-680C-4D1B-85DB-AAD22CD33575}.Release|Any CPU.Build.0 = Release|Any CPU
		{5564469D-841A-463E-A83E-B26DDC8E07AA}.Debug|Any CPU.ActiveCfg = Debug|Any CPU
		{5564469D-841A-463E-A83E-B26DDC8E07AA}.Debug|Any CPU.Build.0 = Debug|Any CPU
		{5564469D-841A-463E-A83E-B26DDC8E07AA}.Release|Any CPU.ActiveCfg = Release|Any CPU
		{5564469D-841A-463E-A83E-B26DDC8E07AA}.Release|Any CPU.Build.0 = Release|Any CPU
		{94498409-5880-4480-9681-6B8198A50E9E}.Debug|Any CPU.ActiveCfg = Debug|Any CPU
		{94498409-5880-4480-9681-6B8198A50E9E}.Debug|Any CPU.Build.0 = Debug|Any CPU
		{94498409-5880-4480-9681-6B8198A50E9E}.Release|Any CPU.ActiveCfg = Release|Any CPU
		{94498409-5880-4480-9681-6B8198A50E9E}.Release|Any CPU.Build.0 = Release|Any CPU
		{2141EECD-5368-47DB-AB0A-C3667AB95320}.Debug|Any CPU.ActiveCfg = Debug|Any CPU
		{2141EECD-5368-47DB-AB0A-C3667AB95320}.Debug|Any CPU.Build.0 = Debug|Any CPU
		{2141EECD-5368-47DB-AB0A-C3667AB95320}.Release|Any CPU.ActiveCfg = Release|Any CPU
		{2141EECD-5368-47DB-AB0A-C3667AB95320}.Release|Any CPU.Build.0 = Release|Any CPU
		{F29EB6CB-8839-44C2-9E5C-3A0143FA6E1C}.Debug|Any CPU.ActiveCfg = Debug|Any CPU
		{F29EB6CB-8839-44C2-9E5C-3A0143FA6E1C}.Debug|Any CPU.Build.0 = Debug|Any CPU
		{F29EB6CB-8839-44C2-9E5C-3A0143FA6E1C}.Release|Any CPU.ActiveCfg = Release|Any CPU
		{F29EB6CB-8839-44C2-9E5C-3A0143FA6E1C}.Release|Any CPU.Build.0 = Release|Any CPU
		{22286EC8-1E5E-4B71-BA3D-93F2B7513E9A}.Debug|Any CPU.ActiveCfg = Debug|Any CPU
		{22286EC8-1E5E-4B71-BA3D-93F2B7513E9A}.Debug|Any CPU.Build.0 = Debug|Any CPU
		{22286EC8-1E5E-4B71-BA3D-93F2B7513E9A}.Release|Any CPU.ActiveCfg = Release|Any CPU
		{22286EC8-1E5E-4B71-BA3D-93F2B7513E9A}.Release|Any CPU.Build.0 = Release|Any CPU
	EndGlobalSection
	GlobalSection(SolutionProperties) = preSolution
		HideSolutionNode = FALSE
	EndGlobalSection
	GlobalSection(ExtensibilityGlobals) = postSolution
		SolutionGuid = {8F0A395B-CF4E-40BF-930B-E51867C6BD7E}
	EndGlobalSection
EndGlobal
